// !$*UTF8*$!
{
	archiveVersion = 1;
	classes = {
	};
	objectVersion = 46;
	objects = {

/* Begin PBXBuildFile section */
		CC3598121958CB39009425C2 /* Foundation.framework in Frameworks */ = {isa = PBXBuildFile; fileRef = CC3598111958CB39009425C2 /* Foundation.framework */; };
		CC3598141958CB39009425C2 /* CoreGraphics.framework in Frameworks */ = {isa = PBXBuildFile; fileRef = CC3598131958CB39009425C2 /* CoreGraphics.framework */; };
		CC3598161958CB39009425C2 /* UIKit.framework in Frameworks */ = {isa = PBXBuildFile; fileRef = CC3598151958CB39009425C2 /* UIKit.framework */; };
		CC35981C1958CB39009425C2 /* InfoPlist.strings in Resources */ = {isa = PBXBuildFile; fileRef = CC35981A1958CB39009425C2 /* InfoPlist.strings */; };
		CC35981E1958CB39009425C2 /* main.m in Sources */ = {isa = PBXBuildFile; fileRef = CC35981D1958CB39009425C2 /* main.m */; };
		CC3598221958CB39009425C2 /* AppDelegate.m in Sources */ = {isa = PBXBuildFile; fileRef = CC3598211958CB39009425C2 /* AppDelegate.m */; };
		CC3598241958CB39009425C2 /* Images.xcassets in Resources */ = {isa = PBXBuildFile; fileRef = CC3598231958CB39009425C2 /* Images.xcassets */; };
		CC35982B1958CB39009425C2 /* XCTest.framework in Frameworks */ = {isa = PBXBuildFile; fileRef = CC35982A1958CB39009425C2 /* XCTest.framework */; };
		CC35982C1958CB39009425C2 /* Foundation.framework in Frameworks */ = {isa = PBXBuildFile; fileRef = CC3598111958CB39009425C2 /* Foundation.framework */; };
		CC35982D1958CB39009425C2 /* UIKit.framework in Frameworks */ = {isa = PBXBuildFile; fileRef = CC3598151958CB39009425C2 /* UIKit.framework */; };
		CC3598351958CB3A009425C2 /* InfoPlist.strings in Resources */ = {isa = PBXBuildFile; fileRef = CC3598331958CB3A009425C2 /* InfoPlist.strings */; };
		CC3598371958CB3A009425C2 /* Macys_iOSTests.m in Sources */ = {isa = PBXBuildFile; fileRef = CC3598361958CB3A009425C2 /* Macys_iOSTests.m */; };
		CC3598411958D7AC009425C2 /* Storyboard.storyboard in Resources */ = {isa = PBXBuildFile; fileRef = CC3598401958D7AC009425C2 /* Storyboard.storyboard */; };
		CC3598441958D9CB009425C2 /* Product.m in Sources */ = {isa = PBXBuildFile; fileRef = CC3598431958D9CB009425C2 /* Product.m */; };
		CC3598471958E544009425C2 /* MainViewController.m in Sources */ = {isa = PBXBuildFile; fileRef = CC3598461958E544009425C2 /* MainViewController.m */; };
		CC3598491958E577009425C2 /* libsqlite3.dylib in Frameworks */ = {isa = PBXBuildFile; fileRef = CC3598481958E577009425C2 /* libsqlite3.dylib */; };
		CC35984C19590AF2009425C2 /* DatabaseSingleton.m in Sources */ = {isa = PBXBuildFile; fileRef = CC35984B19590AF1009425C2 /* DatabaseSingleton.m */; };
		CC35985219594A08009425C2 /* ProductShowCaseTableViewController.m in Sources */ = {isa = PBXBuildFile; fileRef = CC35985119594A08009425C2 /* ProductShowCaseTableViewController.m */; };
		CCB54F4A195A72DB0070370D /* DetailViewController.m in Sources */ = {isa = PBXBuildFile; fileRef = CCB54F49195A72DB0070370D /* DetailViewController.m */; };
		CCB54F4C195B8C5D0070370D /* ButtonDownShirt.png in Resources */ = {isa = PBXBuildFile; fileRef = CCB54F4B195B8C5D0070370D /* ButtonDownShirt.png */; };
		CCB54F4F195BDCED0070370D /* EnlargedPhotoViewController.m in Sources */ = {isa = PBXBuildFile; fileRef = CCB54F4E195BDCED0070370D /* EnlargedPhotoViewController.m */; };
/* End PBXBuildFile section */

/* Begin PBXContainerItemProxy section */
		CC35982E1958CB3A009425C2 /* PBXContainerItemProxy */ = {
			isa = PBXContainerItemProxy;
			containerPortal = CC3598061958CB39009425C2 /* Project object */;
			proxyType = 1;
			remoteGlobalIDString = CC35980D1958CB39009425C2;
			remoteInfo = Macys_iOS;
		};
/* End PBXContainerItemProxy section */

/* Begin PBXFileReference section */
		CC35980E1958CB39009425C2 /* Macys_iOS.app */ = {isa = PBXFileReference; explicitFileType = wrapper.application; includeInIndex = 0; path = Macys_iOS.app; sourceTree = BUILT_PRODUCTS_DIR; };
		CC3598111958CB39009425C2 /* Foundation.framework */ = {isa = PBXFileReference; lastKnownFileType = wrapper.framework; name = Foundation.framework; path = System/Library/Frameworks/Foundation.framework; sourceTree = SDKROOT; };
		CC3598131958CB39009425C2 /* CoreGraphics.framework */ = {isa = PBXFileReference; lastKnownFileType = wrapper.framework; name = CoreGraphics.framework; path = System/Library/Frameworks/CoreGraphics.framework; sourceTree = SDKROOT; };
		CC3598151958CB39009425C2 /* UIKit.framework */ = {isa = PBXFileReference; lastKnownFileType = wrapper.framework; name = UIKit.framework; path = System/Library/Frameworks/UIKit.framework; sourceTree = SDKROOT; };
		CC3598191958CB39009425C2 /* Macys_iOS-Info.plist */ = {isa = PBXFileReference; lastKnownFileType = text.plist.xml; path = "Macys_iOS-Info.plist"; sourceTree = "<group>"; };
		CC35981B1958CB39009425C2 /* en */ = {isa = PBXFileReference; lastKnownFileType = text.plist.strings; name = en; path = en.lproj/InfoPlist.strings; sourceTree = "<group>"; };
		CC35981D1958CB39009425C2 /* main.m */ = {isa = PBXFileReference; lastKnownFileType = sourcecode.c.objc; path = main.m; sourceTree = "<group>"; };
		CC35981F1958CB39009425C2 /* Macys_iOS-Prefix.pch */ = {isa = PBXFileReference; lastKnownFileType = sourcecode.c.h; path = "Macys_iOS-Prefix.pch"; sourceTree = "<group>"; };
		CC3598201958CB39009425C2 /* AppDelegate.h */ = {isa = PBXFileReference; lastKnownFileType = sourcecode.c.h; path = AppDelegate.h; sourceTree = "<group>"; };
		CC3598211958CB39009425C2 /* AppDelegate.m */ = {isa = PBXFileReference; lastKnownFileType = sourcecode.c.objc; path = AppDelegate.m; sourceTree = "<group>"; };
		CC3598231958CB39009425C2 /* Images.xcassets */ = {isa = PBXFileReference; lastKnownFileType = folder.assetcatalog; path = Images.xcassets; sourceTree = "<group>"; };
		CC3598291958CB39009425C2 /* Macys_iOSTests.xctest */ = {isa = PBXFileReference; explicitFileType = wrapper.cfbundle; includeInIndex = 0; path = Macys_iOSTests.xctest; sourceTree = BUILT_PRODUCTS_DIR; };
		CC35982A1958CB39009425C2 /* XCTest.framework */ = {isa = PBXFileReference; lastKnownFileType = wrapper.framework; name = XCTest.framework; path = Library/Frameworks/XCTest.framework; sourceTree = DEVELOPER_DIR; };
		CC3598321958CB3A009425C2 /* Macys_iOSTests-Info.plist */ = {isa = PBXFileReference; lastKnownFileType = text.plist.xml; path = "Macys_iOSTests-Info.plist"; sourceTree = "<group>"; };
		CC3598341958CB3A009425C2 /* en */ = {isa = PBXFileReference; lastKnownFileType = text.plist.strings; name = en; path = en.lproj/InfoPlist.strings; sourceTree = "<group>"; };
		CC3598361958CB3A009425C2 /* Macys_iOSTests.m */ = {isa = PBXFileReference; lastKnownFileType = sourcecode.c.objc; path = Macys_iOSTests.m; sourceTree = "<group>"; };
		CC3598401958D7AC009425C2 /* Storyboard.storyboard */ = {isa = PBXFileReference; fileEncoding = 4; lastKnownFileType = file.storyboard; path = Storyboard.storyboard; sourceTree = "<group>"; };
		CC3598421958D9CB009425C2 /* Product.h */ = {isa = PBXFileReference; fileEncoding = 4; lastKnownFileType = sourcecode.c.h; path = Product.h; sourceTree = "<group>"; };
		CC3598431958D9CB009425C2 /* Product.m */ = {isa = PBXFileReference; fileEncoding = 4; lastKnownFileType = sourcecode.c.objc; path = Product.m; sourceTree = "<group>"; };
		CC3598451958E544009425C2 /* MainViewController.h */ = {isa = PBXFileReference; fileEncoding = 4; lastKnownFileType = sourcecode.c.h; path = MainViewController.h; sourceTree = "<group>"; };
		CC3598461958E544009425C2 /* MainViewController.m */ = {isa = PBXFileReference; fileEncoding = 4; lastKnownFileType = sourcecode.c.objc; path = MainViewController.m; sourceTree = "<group>"; };
		CC3598481958E577009425C2 /* libsqlite3.dylib */ = {isa = PBXFileReference; lastKnownFileType = "compiled.mach-o.dylib"; name = libsqlite3.dylib; path = usr/lib/libsqlite3.dylib; sourceTree = SDKROOT; };
		CC35984A19590AF1009425C2 /* DatabaseSingleton.h */ = {isa = PBXFileReference; fileEncoding = 4; lastKnownFileType = sourcecode.c.h; path = DatabaseSingleton.h; sourceTree = "<group>"; };
		CC35984B19590AF1009425C2 /* DatabaseSingleton.m */ = {isa = PBXFileReference; fileEncoding = 4; lastKnownFileType = sourcecode.c.objc; path = DatabaseSingleton.m; sourceTree = "<group>"; };
		CC35985019594A08009425C2 /* ProductShowCaseTableViewController.h */ = {isa = PBXFileReference; fileEncoding = 4; lastKnownFileType = sourcecode.c.h; path = ProductShowCaseTableViewController.h; sourceTree = "<group>"; };
		CC35985119594A08009425C2 /* ProductShowCaseTableViewController.m */ = {isa = PBXFileReference; fileEncoding = 4; lastKnownFileType = sourcecode.c.objc; path = ProductShowCaseTableViewController.m; sourceTree = "<group>"; };
		CCB54F48195A72DB0070370D /* DetailViewController.h */ = {isa = PBXFileReference; fileEncoding = 4; lastKnownFileType = sourcecode.c.h; path = DetailViewController.h; sourceTree = "<group>"; };
		CCB54F49195A72DB0070370D /* DetailViewController.m */ = {isa = PBXFileReference; fileEncoding = 4; lastKnownFileType = sourcecode.c.objc; path = DetailViewController.m; sourceTree = "<group>"; };
		CCB54F4B195B8C5D0070370D /* ButtonDownShirt.png */ = {isa = PBXFileReference; lastKnownFileType = image.png; path = ButtonDownShirt.png; sourceTree = "<group>"; };
		CCB54F4D195BDCED0070370D /* EnlargedPhotoViewController.h */ = {isa = PBXFileReference; fileEncoding = 4; lastKnownFileType = sourcecode.c.h; path = EnlargedPhotoViewController.h; sourceTree = "<group>"; };
		CCB54F4E195BDCED0070370D /* EnlargedPhotoViewController.m */ = {isa = PBXFileReference; fileEncoding = 4; lastKnownFileType = sourcecode.c.objc; path = EnlargedPhotoViewController.m; sourceTree = "<group>"; };
/* End PBXFileReference section */

/* Begin PBXFrameworksBuildPhase section */
		CC35980B1958CB39009425C2 /* Frameworks */ = {
			isa = PBXFrameworksBuildPhase;
			buildActionMask = 2147483647;
			files = (
				CC3598491958E577009425C2 /* libsqlite3.dylib in Frameworks */,
				CC3598141958CB39009425C2 /* CoreGraphics.framework in Frameworks */,
				CC3598161958CB39009425C2 /* UIKit.framework in Frameworks */,
				CC3598121958CB39009425C2 /* Foundation.framework in Frameworks */,
			);
			runOnlyForDeploymentPostprocessing = 0;
		};
		CC3598261958CB39009425C2 /* Frameworks */ = {
			isa = PBXFrameworksBuildPhase;
			buildActionMask = 2147483647;
			files = (
				CC35982B1958CB39009425C2 /* XCTest.framework in Frameworks */,
				CC35982D1958CB39009425C2 /* UIKit.framework in Frameworks */,
				CC35982C1958CB39009425C2 /* Foundation.framework in Frameworks */,
			);
			runOnlyForDeploymentPostprocessing = 0;
		};
/* End PBXFrameworksBuildPhase section */

/* Begin PBXGroup section */
		CC3598051958CB39009425C2 = {
			isa = PBXGroup;
			children = (
				CC3598401958D7AC009425C2 /* Storyboard.storyboard */,
				CCB3F4DA195C6D0200C49F84 /* Product Classes */,
				CCB3F4DB195C6D0C00C49F84 /* Main VC Classes */,
				CCB3F4DC195C6D1A00C49F84 /* Database Classes */,
				CCB3F4DD195C6D3E00C49F84 /* Product TVC Classes */,
				CCB3F4DE195C6D5B00C49F84 /* Detail VC Classes */,
				CC3598171958CB39009425C2 /* Macys_iOS */,
				CC3598301958CB3A009425C2 /* Macys_iOSTests */,
				CC3598101958CB39009425C2 /* Frameworks */,
				CC35980F1958CB39009425C2 /* Products */,
			);
			sourceTree = "<group>";
		};
		CC35980F1958CB39009425C2 /* Products */ = {
			isa = PBXGroup;
			children = (
				CC35980E1958CB39009425C2 /* Macys_iOS.app */,
				CC3598291958CB39009425C2 /* Macys_iOSTests.xctest */,
			);
			name = Products;
			sourceTree = "<group>";
		};
		CC3598101958CB39009425C2 /* Frameworks */ = {
			isa = PBXGroup;
			children = (
				CC3598481958E577009425C2 /* libsqlite3.dylib */,
				CC3598111958CB39009425C2 /* Foundation.framework */,
				CC3598131958CB39009425C2 /* CoreGraphics.framework */,
				CC3598151958CB39009425C2 /* UIKit.framework */,
				CC35982A1958CB39009425C2 /* XCTest.framework */,
			);
			name = Frameworks;
			sourceTree = "<group>";
		};
		CC3598171958CB39009425C2 /* Macys_iOS */ = {
			isa = PBXGroup;
			children = (
				CC3598201958CB39009425C2 /* AppDelegate.h */,
				CC3598211958CB39009425C2 /* AppDelegate.m */,
				CCB54F4B195B8C5D0070370D /* ButtonDownShirt.png */,
				CC3598231958CB39009425C2 /* Images.xcassets */,
				CC3598181958CB39009425C2 /* Supporting Files */,
			);
			path = Macys_iOS;
			sourceTree = "<group>";
		};
		CC3598181958CB39009425C2 /* Supporting Files */ = {
			isa = PBXGroup;
			children = (
				CC3598191958CB39009425C2 /* Macys_iOS-Info.plist */,
				CC35981A1958CB39009425C2 /* InfoPlist.strings */,
				CC35981D1958CB39009425C2 /* main.m */,
				CC35981F1958CB39009425C2 /* Macys_iOS-Prefix.pch */,
			);
			name = "Supporting Files";
			sourceTree = "<group>";
		};
		CC3598301958CB3A009425C2 /* Macys_iOSTests */ = {
			isa = PBXGroup;
			children = (
				CC3598361958CB3A009425C2 /* Macys_iOSTests.m */,
				CC3598311958CB3A009425C2 /* Supporting Files */,
			);
			path = Macys_iOSTests;
			sourceTree = "<group>";
		};
		CC3598311958CB3A009425C2 /* Supporting Files */ = {
			isa = PBXGroup;
			children = (
				CC3598321958CB3A009425C2 /* Macys_iOSTests-Info.plist */,
				CC3598331958CB3A009425C2 /* InfoPlist.strings */,
			);
			name = "Supporting Files";
			sourceTree = "<group>";
		};
		CCB3F4DA195C6D0200C49F84 /* Product Classes */ = {
			isa = PBXGroup;
			children = (
				CC3598421958D9CB009425C2 /* Product.h */,
				CC3598431958D9CB009425C2 /* Product.m */,
			);
			name = "Product Classes";
			sourceTree = "<group>";
		};
		CCB3F4DB195C6D0C00C49F84 /* Main VC Classes */ = {
			isa = PBXGroup;
			children = (
				CC3598451958E544009425C2 /* MainViewController.h */,
				CC3598461958E544009425C2 /* MainViewController.m */,
			);
			name = "Main VC Classes";
			sourceTree = "<group>";
		};
		CCB3F4DC195C6D1A00C49F84 /* Database Classes */ = {
			isa = PBXGroup;
			children = (
				CC35984A19590AF1009425C2 /* DatabaseSingleton.h */,
				CC35984B19590AF1009425C2 /* DatabaseSingleton.m */,
			);
			name = "Database Classes";
			sourceTree = "<group>";
		};
		CCB3F4DD195C6D3E00C49F84 /* Product TVC Classes */ = {
			isa = PBXGroup;
			children = (
				CC35985019594A08009425C2 /* ProductShowCaseTableViewController.h */,
				CC35985119594A08009425C2 /* ProductShowCaseTableViewController.m */,
			);
			name = "Product TVC Classes";
			sourceTree = "<group>";
		};
		CCB3F4DE195C6D5B00C49F84 /* Detail VC Classes */ = {
			isa = PBXGroup;
			children = (
				CCB54F48195A72DB0070370D /* DetailViewController.h */,
				CCB54F49195A72DB0070370D /* DetailViewController.m */,
				CCB54F4D195BDCED0070370D /* EnlargedPhotoViewController.h */,
				CCB54F4E195BDCED0070370D /* EnlargedPhotoViewController.m */,
			);
			name = "Detail VC Classes";
			sourceTree = "<group>";
		};
/* End PBXGroup section */

/* Begin PBXNativeTarget section */
		CC35980D1958CB39009425C2 /* Macys_iOS */ = {
			isa = PBXNativeTarget;
			buildConfigurationList = CC35983A1958CB3A009425C2 /* Build configuration list for PBXNativeTarget "Macys_iOS" */;
			buildPhases = (
				CC35980A1958CB39009425C2 /* Sources */,
				CC35980B1958CB39009425C2 /* Frameworks */,
				CC35980C1958CB39009425C2 /* Resources */,
			);
			buildRules = (
			);
			dependencies = (
			);
			name = Macys_iOS;
			productName = Macys_iOS;
			productReference = CC35980E1958CB39009425C2 /* Macys_iOS.app */;
			productType = "com.apple.product-type.application";
		};
		CC3598281958CB39009425C2 /* Macys_iOSTests */ = {
			isa = PBXNativeTarget;
			buildConfigurationList = CC35983D1958CB3A009425C2 /* Build configuration list for PBXNativeTarget "Macys_iOSTests" */;
			buildPhases = (
				CC3598251958CB39009425C2 /* Sources */,
				CC3598261958CB39009425C2 /* Frameworks */,
				CC3598271958CB39009425C2 /* Resources */,
			);
			buildRules = (
			);
			dependencies = (
				CC35982F1958CB3A009425C2 /* PBXTargetDependency */,
			);
			name = Macys_iOSTests;
			productName = Macys_iOSTests;
			productReference = CC3598291958CB39009425C2 /* Macys_iOSTests.xctest */;
			productType = "com.apple.product-type.bundle.unit-test";
		};
/* End PBXNativeTarget section */

/* Begin PBXProject section */
		CC3598061958CB39009425C2 /* Project object */ = {
			isa = PBXProject;
			attributes = {
				LastUpgradeCheck = 0510;
				ORGANIZATIONNAME = AlexCevallos;
				TargetAttributes = {
					CC3598281958CB39009425C2 = {
						TestTargetID = CC35980D1958CB39009425C2;
					};
				};
			};
			buildConfigurationList = CC3598091958CB39009425C2 /* Build configuration list for PBXProject "Macys_iOS" */;
			compatibilityVersion = "Xcode 3.2";
			developmentRegion = English;
			hasScannedForEncodings = 0;
			knownRegions = (
				en,
			);
			mainGroup = CC3598051958CB39009425C2;
			productRefGroup = CC35980F1958CB39009425C2 /* Products */;
			projectDirPath = "";
			projectRoot = "";
			targets = (
				CC35980D1958CB39009425C2 /* Macys_iOS */,
				CC3598281958CB39009425C2 /* Macys_iOSTests */,
			);
		};
/* End PBXProject section */

/* Begin PBXResourcesBuildPhase section */
		CC35980C1958CB39009425C2 /* Resources */ = {
			isa = PBXResourcesBuildPhase;
			buildActionMask = 2147483647;
			files = (
				CC35981C1958CB39009425C2 /* InfoPlist.strings in Resources */,
				CC3598241958CB39009425C2 /* Images.xcassets in Resources */,
				CC3598411958D7AC009425C2 /* Storyboard.storyboard in Resources */,
				CCB54F4C195B8C5D0070370D /* ButtonDownShirt.png in Resources */,
			);
			runOnlyForDeploymentPostprocessing = 0;
		};
		CC3598271958CB39009425C2 /* Resources */ = {
			isa = PBXResourcesBuildPhase;
			buildActionMask = 2147483647;
			files = (
				CC3598351958CB3A009425C2 /* InfoPlist.strings in Resources */,
			);
			runOnlyForDeploymentPostprocessing = 0;
		};
/* End PBXResourcesBuildPhase section */

/* Begin PBXSourcesBuildPhase section */
		CC35980A1958CB39009425C2 /* Sources */ = {
			isa = PBXSourcesBuildPhase;
			buildActionMask = 2147483647;
			files = (
				CC3598441958D9CB009425C2 /* Product.m in Sources */,
				CC3598221958CB39009425C2 /* AppDelegate.m in Sources */,
				CC35985219594A08009425C2 /* ProductShowCaseTableViewController.m in Sources */,
				CCB54F4F195BDCED0070370D /* EnlargedPhotoViewController.m in Sources */,
				CC35981E1958CB39009425C2 /* main.m in Sources */,
				CC35984C19590AF2009425C2 /* DatabaseSingleton.m in Sources */,
				CC3598471958E544009425C2 /* MainViewController.m in Sources */,
				CCB54F4A195A72DB0070370D /* DetailViewController.m in Sources */,
			);
			runOnlyForDeploymentPostprocessing = 0;
		};
		CC3598251958CB39009425C2 /* Sources */ = {
			isa = PBXSourcesBuildPhase;
			buildActionMask = 2147483647;
			files = (
				CC3598371958CB3A009425C2 /* Macys_iOSTests.m in Sources */,
			);
			runOnlyForDeploymentPostprocessing = 0;
		};
/* End PBXSourcesBuildPhase section */

/* Begin PBXTargetDependency section */
		CC35982F1958CB3A009425C2 /* PBXTargetDependency */ = {
			isa = PBXTargetDependency;
			target = CC35980D1958CB39009425C2 /* Macys_iOS */;
			targetProxy = CC35982E1958CB3A009425C2 /* PBXContainerItemProxy */;
		};
/* End PBXTargetDependency section */

/* Begin PBXVariantGroup section */
		CC35981A1958CB39009425C2 /* InfoPlist.strings */ = {
			isa = PBXVariantGroup;
			children = (
				CC35981B1958CB39009425C2 /* en */,
			);
			name = InfoPlist.strings;
			sourceTree = "<group>";
		};
		CC3598331958CB3A009425C2 /* InfoPlist.strings */ = {
			isa = PBXVariantGroup;
			children = (
				CC3598341958CB3A009425C2 /* en */,
			);
			name = InfoPlist.strings;
			sourceTree = "<group>";
		};
/* End PBXVariantGroup section */

/* Begin XCBuildConfiguration section */
		CC3598381958CB3A009425C2 /* Debug */ = {
			isa = XCBuildConfiguration;
			buildSettings = {
				ALWAYS_SEARCH_USER_PATHS = NO;
				CLANG_CXX_LANGUAGE_STANDARD = "gnu++0x";
				CLANG_CXX_LIBRARY = "libc++";
				CLANG_ENABLE_MODULES = YES;
				CLANG_ENABLE_OBJC_ARC = YES;
				CLANG_WARN_BOOL_CONVERSION = YES;
				CLANG_WARN_CONSTANT_CONVERSION = YES;
				CLANG_WARN_DIRECT_OBJC_ISA_USAGE = YES_ERROR;
				CLANG_WARN_EMPTY_BODY = YES;
				CLANG_WARN_ENUM_CONVERSION = YES;
				CLANG_WARN_INT_CONVERSION = YES;
				CLANG_WARN_OBJC_ROOT_CLASS = YES_ERROR;
				CLANG_WARN__DUPLICATE_METHOD_MATCH = YES;
				"CODE_SIGN_IDENTITY[sdk=iphoneos*]" = "iPhone Developer";
				COPY_PHASE_STRIP = NO;
				GCC_C_LANGUAGE_STANDARD = gnu99;
				GCC_DYNAMIC_NO_PIC = NO;
				GCC_OPTIMIZATION_LEVEL = 0;
				GCC_PREPROCESSOR_DEFINITIONS = (
					"DEBUG=1",
					"$(inherited)",
				);
				GCC_SYMBOLS_PRIVATE_EXTERN = NO;
				GCC_WARN_64_TO_32_BIT_CONVERSION = YES;
				GCC_WARN_ABOUT_RETURN_TYPE = YES_ERROR;
				GCC_WARN_UNDECLARED_SELECTOR = YES;
				GCC_WARN_UNINITIALIZED_AUTOS = YES_AGGRESSIVE;
				GCC_WARN_UNUSED_FUNCTION = YES;
				GCC_WARN_UNUSED_VARIABLE = YES;
				IPHONEOS_DEPLOYMENT_TARGET = 7.1;
				ONLY_ACTIVE_ARCH = YES;
				SDKROOT = iphoneos;
			};
			name = Debug;
		};
		CC3598391958CB3A009425C2 /* Release */ = {
			isa = XCBuildConfiguration;
			buildSettings = {
				ALWAYS_SEARCH_USER_PATHS = NO;
				CLANG_CXX_LANGUAGE_STANDARD = "gnu++0x";
				CLANG_CXX_LIBRARY = "libc++";
				CLANG_ENABLE_MODULES = YES;
				CLANG_ENABLE_OBJC_ARC = YES;
				CLANG_WARN_BOOL_CONVERSION = YES;
				CLANG_WARN_CONSTANT_CONVERSION = YES;
				CLANG_WARN_DIRECT_OBJC_ISA_USAGE = YES_ERROR;
				CLANG_WARN_EMPTY_BODY = YES;
				CLANG_WARN_ENUM_CONVERSION = YES;
				CLANG_WARN_INT_CONVERSION = YES;
				CLANG_WARN_OBJC_ROOT_CLASS = YES_ERROR;
				CLANG_WARN__DUPLICATE_METHOD_MATCH = YES;
				"CODE_SIGN_IDENTITY[sdk=iphoneos*]" = "iPhone Developer";
				COPY_PHASE_STRIP = YES;
				ENABLE_NS_ASSERTIONS = NO;
				GCC_C_LANGUAGE_STANDARD = gnu99;
				GCC_WARN_64_TO_32_BIT_CONVERSION = YES;
				GCC_WARN_ABOUT_RETURN_TYPE = YES_ERROR;
				GCC_WARN_UNDECLARED_SELECTOR = YES;
				GCC_WARN_UNINITIALIZED_AUTOS = YES_AGGRESSIVE;
				GCC_WARN_UNUSED_FUNCTION = YES;
				GCC_WARN_UNUSED_VARIABLE = YES;
				IPHONEOS_DEPLOYMENT_TARGET = 7.1;
				SDKROOT = iphoneos;
				VALIDATE_PRODUCT = YES;
			};
			name = Release;
		};
		CC35983B1958CB3A009425C2 /* Debug */ = {
			isa = XCBuildConfiguration;
			buildSettings = {
				ASSETCATALOG_COMPILER_APPICON_NAME = AppIcon;
				ASSETCATALOG_COMPILER_LAUNCHIMAGE_NAME = LaunchImage;
				GCC_PRECOMPILE_PREFIX_HEADER = YES;
				GCC_PREFIX_HEADER = "Macys_iOS/Macys_iOS-Prefix.pch";
				INFOPLIST_FILE = "Macys_iOS/Macys_iOS-Info.plist";
				IPHONEOS_DEPLOYMENT_TARGET = 6.0;
				PRODUCT_NAME = "$(TARGET_NAME)";
				WRAPPER_EXTENSION = app;
			};
			name = Debug;
		};
		CC35983C1958CB3A009425C2 /* Release */ = {
			isa = XCBuildConfiguration;
			buildSettings = {
				ASSETCATALOG_COMPILER_APPICON_NAME = AppIcon;
				ASSETCATALOG_COMPILER_LAUNCHIMAGE_NAME = LaunchImage;
				GCC_PRECOMPILE_PREFIX_HEADER = YES;
				GCC_PREFIX_HEADER = "Macys_iOS/Macys_iOS-Prefix.pch";
				INFOPLIST_FILE = "Macys_iOS/Macys_iOS-Info.plist";
				IPHONEOS_DEPLOYMENT_TARGET = 6.0;
				PRODUCT_NAME = "$(TARGET_NAME)";
				WRAPPER_EXTENSION = app;
			};
			name = Release;
		};
		CC35983E1958CB3A009425C2 /* Debug */ = {
			isa = XCBuildConfiguration;
			buildSettings = {
				BUNDLE_LOADER = "$(BUILT_PRODUCTS_DIR)/Macys_iOS.app/Macys_iOS";
				FRAMEWORK_SEARCH_PATHS = (
					"$(SDKROOT)/Developer/Library/Frameworks",
					"$(inherited)",
					"$(DEVELOPER_FRAMEWORKS_DIR)",
				);
				GCC_PRECOMPILE_PREFIX_HEADER = YES;
				GCC_PREFIX_HEADER = "Macys_iOS/Macys_iOS-Prefix.pch";
				GCC_PREPROCESSOR_DEFINITIONS = (
					"DEBUG=1",
					"$(inherited)",
				);
				INFOPLIST_FILE = "Macys_iOSTests/Macys_iOSTests-Info.plist";
				PRODUCT_NAME = "$(TARGET_NAME)";
				TEST_HOST = "$(BUNDLE_LOADER)";
				WRAPPER_EXTENSION = xctest;
			};
			name = Debug;
		};
		CC35983F1958CB3A009425C2 /* Release */ = {
			isa = XCBuildConfiguration;
			buildSettings = {
				BUNDLE_LOADER = "$(BUILT_PRODUCTS_DIR)/Macys_iOS.app/Macys_iOS";
				FRAMEWORK_SEARCH_PATHS = (
					"$(SDKROOT)/Developer/Library/Frameworks",
					"$(inherited)",
					"$(DEVELOPER_FRAMEWORKS_DIR)",
				);
				GCC_PRECOMPILE_PREFIX_HEADER = YES;
				GCC_PREFIX_HEADER = "Macys_iOS/Macys_iOS-Prefix.pch";
				INFOPLIST_FILE = "Macys_iOSTests/Macys_iOSTests-Info.plist";
				PRODUCT_NAME = "$(TARGET_NAME)";
				TEST_HOST = "$(BUNDLE_LOADER)";
				WRAPPER_EXTENSION = xctest;
			};
			name = Release;
		};
/* End XCBuildConfiguration section */

/* Begin XCConfigurationList section */
		CC3598091958CB39009425C2 /* Build configuration list for PBXProject "Macys_iOS" */ = {
			isa = XCConfigurationList;
			buildConfigurations = (
				CC3598381958CB3A009425C2 /* Debug */,
				CC3598391958CB3A009425C2 /* Release */,
			);
			defaultConfigurationIsVisible = 0;
			defaultConfigurationName = Release;
		};
		CC35983A1958CB3A009425C2 /* Build configuration list for PBXNativeTarget "Macys_iOS" */ = {
			isa = XCConfigurationList;
			buildConfigurations = (
				CC35983B1958CB3A009425C2 /* Debug */,
				CC35983C1958CB3A009425C2 /* Release */,
			);
			defaultConfigurationIsVisible = 0;
			defaultConfigurationName = Release;
		};
		CC35983D1958CB3A009425C2 /* Build configuration list for PBXNativeTarget "Macys_iOSTests" */ = {
			isa = XCConfigurationList;
			buildConfigurations = (
				CC35983E1958CB3A009425C2 /* Debug */,
				CC35983F1958CB3A009425C2 /* Release */,
			);
			defaultConfigurationIsVisible = 0;
			defaultConfigurationName = Release;
		};
/* End XCConfigurationList section */
	};
	rootObject = CC3598061958CB39009425C2 /* Project object */;
}
